
Microsoft Visual Studio Solution File, Format Version 12.00
# Visual Studio Version 17
VisualStudioVersion = 17.7.34221.43
MinimumVisualStudioVersion = 10.0.40219.1
Project("{FAE04EC0-301F-11D3-BF4B-00C04F79EFBC}") = "temper", "temper\temper.csproj", "{454CA001-666A-4727-B4F3-2156B109D3EE}"
EndProject
Global
	GlobalSection(SolutionConfigurationPlatforms) = preSolution
		Debug|Any CPU = Debug|Any CPU
		Release|Any CPU = Release|Any CPU
	EndGlobalSection
	GlobalSection(ProjectConfigurationPlatforms) = postSolution
		{454CA001-666A-4727-B4F3-2156B109D3EE}.Debug|Any CPU.ActiveCfg = Debug|Any CPU
		{454CA001-666A-4727-B4F3-2156B109D3EE}.Debug|Any CPU.Build.0 = Debug|Any CPU
		{454CA001-666A-4727-B4F3-2156B109D3EE}.Release|Any CPU.ActiveCfg = Release|Any CPU
		{454CA001-666A-4727-B4F3-2156B109D3EE}.Release|Any CPU.Build.0 = Release|Any CPU
	EndGlobalSection
	GlobalSection(SolutionProperties) = preSolution
		HideSolutionNode = FALSE
	EndGlobalSection
	GlobalSection(ExtensibilityGlobals) = postSolution
		SolutionGuid = {FA5B266F-E805-49CE-8894-4224D6D5C6E7}
	EndGlobalSection
EndGlobal
